# @generated - this file is auto-generated by `mise lock` https://mise.en.dev/dev-tools/mise-lock.html

[[tools."github:cue-lang/cue"]]
version = "0.16.1"
backend = "github:cue-lang/cue"

[tools."github:cue-lang/cue"."platforms.linux-arm64"]
checksum = "sha256:3cc715a9e969f87b93c4fa34cfaef5388b93e96efa20b248e8ad6826abd25a83"
url = "https://github.com/cue-lang/cue/releases/download/v0.16.1/cue_v0.16.1_linux_arm64.tar.gz"
url_api = "https://api.github.com/repos/cue-lang/cue/releases/assets/391635253"

[tools."github:cue-lang/cue"."platforms.linux-arm64-musl"]
checksum = "sha256:3cc715a9e969f87b93c4fa34cfaef5388b93e96efa20b248e8ad6826abd25a83"
url = "https://github.com/cue-lang/cue/releases/download/v0.16.1/cue_v0.16.1_linux_arm64.tar.gz"
url_api = "https://api.github.com/repos/cue-lang/cue/releases/assets/391635253"

[tools."github:cue-lang/cue"."platforms.linux-x64"]
checksum = "sha256:5d644c1305a2b86504c8dcd2ec829cf5b4999efc2cf51ee375624e0455f774ae"
url = "https://github.com/cue-lang/cue/releases/download/v0.16.1/cue_v0.16.1_linux_amd64.tar.gz"
url_api = "https://api.github.com/repos/cue-lang/cue/releases/assets/391635258"

[tools."github:cue-lang/cue"."platforms.linux-x64-musl"]
checksum = "sha256:5d644c1305a2b86504c8dcd2ec829cf5b4999efc2cf51ee375624e0455f774ae"
url = "https://github.com/cue-lang/cue/releases/download/v0.16.1/cue_v0.16.1_linux_amd64.tar.gz"
url_api = "https://api.github.com/repos/cue-lang/cue/releases/assets/391635258"

[tools."github:cue-lang/cue"."platforms.macos-arm64"]
checksum = "sha256:a72b0cddb377c52d1b003bed9a335d893b70cd75a182cd5e3fee8bae30ddb6d6"
url = "https://github.com/cue-lang/cue/releases/download/v0.16.1/cue_v0.16.1_darwin_arm64.tar.gz"
url_api = "https://api.github.com/repos/cue-lang/cue/releases/assets/391635257"

[tools."github:cue-lang/cue"."platforms.macos-x64"]
checksum = "sha256:97b0d78e4c5ee49ff72145fd6ef4f4bab0bb332d55f29660de3fec2af5ec96a9"
url = "https://github.com/cue-lang/cue/releases/download/v0.16.1/cue_v0.16.1_darwin_amd64.tar.gz"
url_api = "https://api.github.com/repos/cue-lang/cue/releases/assets/391635256"

[tools."github:cue-lang/cue"."platforms.windows-x64"]
checksum = "sha256:2f24123f458229fcf283db534bd86692ad1074da806defee0f0cc62976c0397c"
url = "https://github.com/cue-lang/cue/releases/download/v0.16.1/cue_v0.16.1_windows_amd64.zip"
url_api = "https://api.github.com/repos/cue-lang/cue/releases/assets/391635255"

[[tools."github:denoland/deno"]]
version = "v2.3.7"
backend = "github:denoland/deno"

[tools."github:denoland/deno"."platforms.linux-arm64"]
checksum = "sha256:fbf420aee4469094bd91e595dd78814c94737dfb1d26e640b13aa938a9663cf8"
url = "https://github.com/denoland/deno/releases/download/v2.3.7/deno-aarch64-unknown-linux-gnu.zip"
url_api = "https://api.github.com/repos/denoland/deno/releases/assets/266620959"

[tools."github:denoland/deno"."platforms.linux-x64"]
checksum = "sha256:63f55a621441fbbc8830324baf3d9c7a94928c7fb6b8ad54265dc9442dcd1dd2"
url = "https://github.com/denoland/deno/releases/download/v2.3.7/deno-x86_64-unknown-linux-gnu.zip"
url_api = "https://api.github.com/repos/denoland/deno/releases/assets/266621026"

[tools."github:denoland/deno"."platforms.macos-arm64"]
checksum = "sha256:764389a4d499c56e7b950d4d7d9bb52a9a55b87717d25f6ce65faee895dfa2f0"
url = "https://github.com/denoland/deno/releases/download/v2.3.7/deno-aarch64-apple-darwin.zip"
url_api = "https://api.github.com/repos/denoland/deno/releases/assets/266694481"

[tools."github:denoland/deno"."platforms.macos-x64"]
checksum = "sha256:49655e8059ffd59976bf23f9ed0d843c9c6e33ceb3d0e780bd3d87ee5e051734"
url = "https://github.com/denoland/deno/releases/download/v2.3.7/deno-x86_64-apple-darwin.zip"
url_api = "https://api.github.com/repos/denoland/deno/releases/assets/266642498"

[tools."github:denoland/deno"."platforms.windows-x64"]
checksum = "sha256:5c3b396d190efa2c348a1935cbfec8e7eac2d428efef3b413174ebebbb6817d4"
url = "https://github.com/denoland/deno/releases/download/v2.3.7/deno-x86_64-pc-windows-msvc.zip"
url_api = "https://api.github.com/repos/denoland/deno/releases/assets/266623519"
