# @generated - this file is auto-generated by `mise lock` https://mise.en.dev/dev-tools/mise-lock.html

[[tools."github:cue-lang/cue"]]
version = "0.16.1"
backend = "github:cue-lang/cue"

[tools."github:cue-lang/cue"."platforms.linux-arm64"]
checksum = "sha256:3cc715a9e969f87b93c4fa34cfaef5388b93e96efa20b248e8ad6826abd25a83"
url = "https://github.com/cue-lang/cue/releases/download/v0.16.1/cue_v0.16.1_linux_arm64.tar.gz"
url_api = "https://api.github.com/repos/cue-lang/cue/releases/assets/391635253"

[tools."github:cue-lang/cue"."platforms.linux-arm64-musl"]
checksum = "sha256:3cc715a9e969f87b93c4fa34cfaef5388b93e96efa20b248e8ad6826abd25a83"
url = "https://github.com/cue-lang/cue/releases/download/v0.16.1/cue_v0.16.1_linux_arm64.tar.gz"
url_api = "https://api.github.com/repos/cue-lang/cue/releases/assets/391635253"

[tools."github:cue-lang/cue"."platforms.linux-x64"]
checksum = "sha256:5d644c1305a2b86504c8dcd2ec829cf5b4999efc2cf51ee375624e0455f774ae"
url = "https://github.com/cue-lang/cue/releases/download/v0.16.1/cue_v0.16.1_linux_amd64.tar.gz"
url_api = "https://api.github.com/repos/cue-lang/cue/releases/assets/391635258"

[tools."github:cue-lang/cue"."platforms.linux-x64-musl"]
checksum = "sha256:5d644c1305a2b86504c8dcd2ec829cf5b4999efc2cf51ee375624e0455f774ae"
url = "https://github.com/cue-lang/cue/releases/download/v0.16.1/cue_v0.16.1_linux_amd64.tar.gz"
url_api = "https://api.github.com/repos/cue-lang/cue/releases/assets/391635258"

[tools."github:cue-lang/cue"."platforms.macos-arm64"]
checksum = "sha256:a72b0cddb377c52d1b003bed9a335d893b70cd75a182cd5e3fee8bae30ddb6d6"
url = "https://github.com/cue-lang/cue/releases/download/v0.16.1/cue_v0.16.1_darwin_arm64.tar.gz"
url_api = "https://api.github.com/repos/cue-lang/cue/releases/assets/391635257"

[tools."github:cue-lang/cue"."platforms.macos-x64"]
checksum = "sha256:97b0d78e4c5ee49ff72145fd6ef4f4bab0bb332d55f29660de3fec2af5ec96a9"
url = "https://github.com/cue-lang/cue/releases/download/v0.16.1/cue_v0.16.1_darwin_amd64.tar.gz"
url_api = "https://api.github.com/repos/cue-lang/cue/releases/assets/391635256"

[tools."github:cue-lang/cue"."platforms.windows-x64"]
checksum = "sha256:2f24123f458229fcf283db534bd86692ad1074da806defee0f0cc62976c0397c"
url = "https://github.com/cue-lang/cue/releases/download/v0.16.1/cue_v0.16.1_windows_amd64.zip"
url_api = "https://api.github.com/repos/cue-lang/cue/releases/assets/391635255"

[[tools."github:denoland/deno"]]
version = "2.9.7"
backend = "github:denoland/deno"

[tools."github:denoland/deno"."platforms.linux-arm64"]
checksum = "sha256:c832298b1ad4422481334855f6003e0f54145762c5a134f20a489511d2f65bbf"
url = "https://github.com/denoland/deno/releases/download/v2.9.7/deno-aarch64-unknown-linux-gnu.zip"
url_api = "https://api.github.com/repos/denoland/deno/releases/assets/568418344"

[tools."github:denoland/deno"."platforms.linux-arm64-musl"]
checksum = "sha256:c832298b1ad4422481334855f6003e0f54145762c5a134f20a489511d2f65bbf"
url = "https://github.com/denoland/deno/releases/download/v2.9.7/deno-aarch64-unknown-linux-gnu.zip"
url_api = "https://api.github.com/repos/denoland/deno/releases/assets/568418344"

[tools."github:denoland/deno"."platforms.linux-x64"]
checksum = "sha256:c6527f24f4b16031d3ae4fa9f658d5f11534c8d84ce7dc8502420280919c3490"
url = "https://github.com/denoland/deno/releases/download/v2.9.7/deno-x86_64-unknown-linux-gnu.zip"
url_api = "https://api.github.com/repos/denoland/deno/releases/assets/568461950"

[tools."github:denoland/deno"."platforms.linux-x64-musl"]
checksum = "sha256:c6527f24f4b16031d3ae4fa9f658d5f11534c8d84ce7dc8502420280919c3490"
url = "https://github.com/denoland/deno/releases/download/v2.9.7/deno-x86_64-unknown-linux-gnu.zip"
url_api = "https://api.github.com/repos/denoland/deno/releases/assets/568461950"

[tools."github:denoland/deno"."platforms.macos-arm64"]
checksum = "sha256:5cd46d6268f6f78f5d88bdc7159d20bd44cdaa4b3303474839f87ec6fe7ae25c"
url = "https://github.com/denoland/deno/releases/download/v2.9.7/deno-aarch64-apple-darwin.zip"
url_api = "https://api.github.com/repos/denoland/deno/releases/assets/568561366"

[tools."github:denoland/deno"."platforms.macos-x64"]
checksum = "sha256:95daaff11c116a52ad54785e7914c8e9c9cdcaba793c5ed929c74ca2d8e6259a"
url = "https://github.com/denoland/deno/releases/download/v2.9.7/deno-x86_64-apple-darwin.zip"
url_api = "https://api.github.com/repos/denoland/deno/releases/assets/568516488"

[tools."github:denoland/deno"."platforms.windows-x64"]
checksum = "sha256:a0c3101b4158d1dfb7d6a78a7bf0f3de80c96bb423c152beec8beb22786f2238"
url = "https://github.com/denoland/deno/releases/download/v2.9.7/deno-x86_64-pc-windows-msvc.zip"
url_api = "https://api.github.com/repos/denoland/deno/releases/assets/568431369"

[[tools.protoc]]
version = "33.0"
backend = "aqua:protocolbuffers/protobuf/protoc"

[tools.protoc."platforms.linux-arm64"]
checksum = "sha256:4b96bc91f8b54d829b8c3ca2207ff1ceb774843321e4fa5a68502faece584272"
url = "https://github.com/protocolbuffers/protobuf/releases/download/v33.0/protoc-33.0-linux-aarch_64.zip"

[tools.protoc."platforms.linux-arm64-musl"]
checksum = "sha256:4b96bc91f8b54d829b8c3ca2207ff1ceb774843321e4fa5a68502faece584272"
url = "https://github.com/protocolbuffers/protobuf/releases/download/v33.0/protoc-33.0-linux-aarch_64.zip"

[tools.protoc."platforms.linux-x64"]
checksum = "sha256:d99c011b799e9e412064244f0be417e5d76c9b6ace13a2ac735330fa7d57ad8f"
url = "https://github.com/protocolbuffers/protobuf/releases/download/v33.0/protoc-33.0-linux-x86_64.zip"

[tools.protoc."platforms.linux-x64-musl"]
checksum = "sha256:d99c011b799e9e412064244f0be417e5d76c9b6ace13a2ac735330fa7d57ad8f"
url = "https://github.com/protocolbuffers/protobuf/releases/download/v33.0/protoc-33.0-linux-x86_64.zip"

[tools.protoc."platforms.macos-arm64"]
checksum = "sha256:3cf55dd47118bd2efda9cd26b74f8bbbfcf5beb1bf606bc56ad4c001b543f6d3"
url = "https://github.com/protocolbuffers/protobuf/releases/download/v33.0/protoc-33.0-osx-aarch_64.zip"

[tools.protoc."platforms.macos-x64"]
checksum = "sha256:e4e50a703147a92d1a5a2d3a34c9e41717f67ade67d4be72b9a466eb8f22fe87"
url = "https://github.com/protocolbuffers/protobuf/releases/download/v33.0/protoc-33.0-osx-x86_64.zip"

[tools.protoc."platforms.windows-x64"]
checksum = "sha256:3742cd49c8b6bd78b6760540367eb0ff62fa70a1032e15dafe131bfaf296986a"
url = "https://github.com/protocolbuffers/protobuf/releases/download/v33.0/protoc-33.0-win64.zip"
